// !$*UTF8*$!
{
	archiveVersion = 1;
	classes = {
	};
	objectVersion = 50;
	objects = {

/* Begin PBXBuildFile section */
		6F0E26BB272FEFDC00E6677F /* ContentViewModel.swift in Sources */ = {isa = PBXBuildFile; fileRef = 6F0E26BA272FEFDC00E6677F /* ContentViewModel.swift */; };
		6F11D3D9260D35D400E56004 /* TopchikApp.swift in Sources */ = {isa = PBXBuildFile; fileRef = 6F11D3D8260D35D400E56004 /* TopchikApp.swift */; };
		6F11D3DB260D35D400E56004 /* ContentView.swift in Sources */ = {isa = PBXBuildFile; fileRef = 6F11D3DA260D35D400E56004 /* ContentView.swift */; };
		6F11D3E0260D35D900E56004 /* Preview Assets.xcassets in Resources */ = {isa = PBXBuildFile; fileRef = 6F11D3DF260D35D900E56004 /* Preview Assets.xcassets */; };
		6F11D3EA260D40DD00E56004 /* SaleItem.swift in Sources */ = {isa = PBXBuildFile; fileRef = 6F11D3E9260D40DD00E56004 /* SaleItem.swift */; };
		6F11D3ED260D433700E56004 /* SystemMessagesList.swift in Sources */ = {isa = PBXBuildFile; fileRef = 6F11D3EC260D433700E56004 /* SystemMessagesList.swift */; };
		6F11D3F1260D46E000E56004 /* SaleItemsList.swift in Sources */ = {isa = PBXBuildFile; fileRef = 6F11D3F0260D46E000E56004 /* SaleItemsList.swift */; };
		6FCCAEF0260D55C80081ACBF /* appstore.png in Resources */ = {isa = PBXBuildFile; fileRef = 6FCCAEED260D55C80081ACBF /* appstore.png */; };
		6FCCAEF1260D55C80081ACBF /* playstore.png in Resources */ = {isa = PBXBuildFile; fileRef = 6FCCAEEE260D55C80081ACBF /* playstore.png */; };
		6FCCAEF2260D55C80081ACBF /* Assets.xcassets in Resources */ = {isa = PBXBuildFile; fileRef = 6FCCAEEF260D55C80081ACBF /* Assets.xcassets */; };
/* End PBXBuildFile section */

/* Begin PBXFileReference section */
		6F0E26BA272FEFDC00E6677F /* ContentViewModel.swift */ = {isa = PBXFileReference; lastKnownFileType = sourcecode.swift; path = ContentViewModel.swift; sourceTree = "<group>"; };
		6F11D3D5260D35D400E56004 /* Topchik.app */ = {isa = PBXFileReference; explicitFileType = wrapper.application; includeInIndex = 0; path = Topchik.app; sourceTree = BUILT_PRODUCTS_DIR; };
		6F11D3D8260D35D400E56004 /* TopchikApp.swift */ = {isa = PBXFileReference; lastKnownFileType = sourcecode.swift; path = TopchikApp.swift; sourceTree = "<group>"; };
		6F11D3DA260D35D400E56004 /* ContentView.swift */ = {isa = PBXFileReference; lastKnownFileType = sourcecode.swift; path = ContentView.swift; sourceTree = "<group>"; };
		6F11D3DF260D35D900E56004 /* Preview Assets.xcassets */ = {isa = PBXFileReference; lastKnownFileType = folder.assetcatalog; path = "Preview Assets.xcassets"; sourceTree = "<group>"; };
		6F11D3E1260D35D900E56004 /* Info.plist */ = {isa = PBXFileReference; lastKnownFileType = text.plist.xml; path = Info.plist; sourceTree = "<group>"; };
		6F11D3E9260D40DD00E56004 /* SaleItem.swift */ = {isa = PBXFileReference; fileEncoding = 4; lastKnownFileType = sourcecode.swift; path = SaleItem.swift; sourceTree = "<group>"; };
		6F11D3EC260D433700E56004 /* SystemMessagesList.swift */ = {isa = PBXFileReference; lastKnownFileType = sourcecode.swift; path = SystemMessagesList.swift; sourceTree = "<group>"; };
		6F11D3F0260D46E000E56004 /* SaleItemsList.swift */ = {isa = PBXFileReference; lastKnownFileType = sourcecode.swift; path = SaleItemsList.swift; sourceTree = "<group>"; };
		6FCCAEED260D55C80081ACBF /* appstore.png */ = {isa = PBXFileReference; lastKnownFileType = image.png; name = appstore.png; path = AppIcons/appstore.png; sourceTree = SOURCE_ROOT; };
		6FCCAEEE260D55C80081ACBF /* playstore.png */ = {isa = PBXFileReference; lastKnownFileType = image.png; name = playstore.png; path = AppIcons/playstore.png; sourceTree = SOURCE_ROOT; };
		6FCCAEEF260D55C80081ACBF /* Assets.xcassets */ = {isa = PBXFileReference; lastKnownFileType = folder.assetcatalog; name = Assets.xcassets; path = AppIcons/Assets.xcassets; sourceTree = SOURCE_ROOT; };
/* End PBXFileReference section */

/* Begin PBXFrameworksBuildPhase section */
		6F11D3D2260D35D400E56004 /* Frameworks */ = {
			isa = PBXFrameworksBuildPhase;
			buildActionMask = 2147483647;
			files = (
			);
			runOnlyForDeploymentPostprocessing = 0;
		};
/* End PBXFrameworksBuildPhase section */

/* Begin PBXGroup section */
		6F0E26B9272FEFBC00E6677F /* View */ = {
			isa = PBXGroup;
			children = (
				6F11D3DA260D35D400E56004 /* ContentView.swift */,
				6F0E26BA272FEFDC00E6677F /* ContentViewModel.swift */,
				6F11D3EC260D433700E56004 /* SystemMessagesList.swift */,
				6F11D3F0260D46E000E56004 /* SaleItemsList.swift */,
			);
			path = View;
			sourceTree = "<group>";
		};
		6F11D3CC260D35D400E56004 = {
			isa = PBXGroup;
			children = (
				6F11D3D7260D35D400E56004 /* Topchik */,
				6F11D3D6260D35D400E56004 /* Products */,
			);
			sourceTree = "<group>";
		};
		6F11D3D6260D35D400E56004 /* Products */ = {
			isa = PBXGroup;
			children = (
				6F11D3D5260D35D400E56004 /* Topchik.app */,
			);
			name = Products;
			sourceTree = "<group>";
		};
		6F11D3D7260D35D400E56004 /* Topchik */ = {
			isa = PBXGroup;
			children = (
				6F11D3D8260D35D400E56004 /* TopchikApp.swift */,
				6F0E26B9272FEFBC00E6677F /* View */,
				6F11D3E9260D40DD00E56004 /* SaleItem.swift */,
				6FCCAEED260D55C80081ACBF /* appstore.png */,
				6FCCAEEF260D55C80081ACBF /* Assets.xcassets */,
				6FCCAEEE260D55C80081ACBF /* playstore.png */,
				6F11D3E1260D35D900E56004 /* Info.plist */,
				6F11D3DE260D35D900E56004 /* Preview Content */,
			);
			path = Topchik;
			sourceTree = "<group>";
		};
		6F11D3DE260D35D900E56004 /* Preview Content */ = {
			isa = PBXGroup;
			children = (
				6F11D3DF260D35D900E56004 /* Preview Assets.xcassets */,
			);
			path = "Preview Content";
			sourceTree = "<group>";
		};
/* End PBXGroup section */

/* Begin PBXNativeTarget section */
		6F11D3D4260D35D400E56004 /* Topchik */ = {
			isa = PBXNativeTarget;
			buildConfigurationList = 6F11D3E4260D35D900E56004 /* Build configuration list for PBXNativeTarget "Topchik" */;
			buildPhases = (
				6F11D3D1260D35D400E56004 /* Sources */,
				6F11D3D2260D35D400E56004 /* Frameworks */,
				6F11D3D3260D35D400E56004 /* Resources */,
			);
			buildRules = (
			);
			dependencies = (
			);
			name = Topchik;
			productName = Topchik;
			productReference = 6F11D3D5260D35D400E56004 /* Topchik.app */;
			productType = "com.apple.product-type.application";
		};
/* End PBXNativeTarget section */

/* Begin PBXProject section */
		6F11D3CD260D35D400E56004 /* Project object */ = {
			isa = PBXProject;
			attributes = {
				LastSwiftUpdateCheck = 1240;
				LastUpgradeCheck = 1240;
				TargetAttributes = {
					6F11D3D4260D35D400E56004 = {
						CreatedOnToolsVersion = 12.4;
					};
				};
			};
			buildConfigurationList = 6F11D3D0260D35D400E56004 /* Build configuration list for PBXProject "Topchik" */;
			compatibilityVersion = "Xcode 9.3";
			developmentRegion = en;
			hasScannedForEncodings = 0;
			knownRegions = (
				en,
				Base,
			);
			mainGroup = 6F11D3CC260D35D400E56004;
			productRefGroup = 6F11D3D6260D35D400E56004 /* Products */;
			projectDirPath = "";
			projectRoot = "";
			targets = (
				6F11D3D4260D35D400E56004 /* Topchik */,
			);
		};
/* End PBXProject section */

/* Begin PBXResourcesBuildPhase section */
		6F11D3D3260D35D400E56004 /* Resources */ = {
			isa = PBXResourcesBuildPhase;
			buildActionMask = 2147483647;
			files = (
				6F11D3E0260D35D900E56004 /* Preview Assets.xcassets in Resources */,
				6FCCAEF0260D55C80081ACBF /* appstore.png in Resources */,
				6FCCAEF1260D55C80081ACBF /* playstore.png in Resources */,
				6FCCAEF2260D55C80081ACBF /* Assets.xcassets in Resources */,
			);
			runOnlyForDeploymentPostprocessing = 0;
		};
/* End PBXResourcesBuildPhase section */

/* Begin PBXSourcesBuildPhase section */
		6F11D3D1260D35D400E56004 /* Sources */ = {
			isa = PBXSourcesBuildPhase;
			buildActionMask = 2147483647;
			files = (
				6F11D3F1260D46E000E56004 /* SaleItemsList.swift in Sources */,
				6F11D3ED260D433700E56004 /* SystemMessagesList.swift in Sources */,
				6F0E26BB272FEFDC00E6677F /* ContentViewModel.swift in Sources */,
				6F11D3DB260D35D400E56004 /* ContentView.swift in Sources */,
				6F11D3EA260D40DD00E56004 /* SaleItem.swift in Sources */,
				6F11D3D9260D35D400E56004 /* TopchikApp.swift in Sources */,
			);
			runOnlyForDeploymentPostprocessing = 0;
		};
/* End PBXSourcesBuildPhase section */

/* Begin XCBuildConfiguration section */
		6F11D3E2260D35D900E56004 /* Debug */ = {
			isa = XCBuildConfiguration;
			buildSettings = {
				ALWAYS_SEARCH_USER_PATHS = NO;
				CLANG_ANALYZER_NONNULL = YES;
				CLANG_ANALYZER_NUMBER_OBJECT_CONVERSION = YES_AGGRESSIVE;
				CLANG_CXX_LANGUAGE_STANDARD = "gnu++14";
				CLANG_CXX_LIBRARY = "libc++";
				CLANG_ENABLE_MODULES = YES;
				CLANG_ENABLE_OBJC_ARC = YES;
				CLANG_ENABLE_OBJC_WEAK = YES;
				CLANG_WARN_BLOCK_CAPTURE_AUTORELEASING = YES;
				CLANG_WARN_BOOL_CONVERSION = YES;
				CLANG_WARN_COMMA = YES;
				CLANG_WARN_CONSTANT_CONVERSION = YES;
				CLANG_WARN_DEPRECATED_OBJC_IMPLEMENTATIONS = YES;
				CLANG_WARN_DIRECT_OBJC_ISA_USAGE = YES_ERROR;
				CLANG_WARN_DOCUMENTATION_COMMENTS = YES;
				CLANG_WARN_EMPTY_BODY = YES;
				CLANG_WARN_ENUM_CONVERSION = YES;
				CLANG_WARN_INFINITE_RECURSION = YES;
				CLANG_WARN_INT_CONVERSION = YES;
				CLANG_WARN_NON_LITERAL_NULL_CONVERSION = YES;
				CLANG_WARN_OBJC_IMPLICIT_RETAIN_SELF = YES;
				CLANG_WARN_OBJC_LITERAL_CONVERSION = YES;
				CLANG_WARN_OBJC_ROOT_CLASS = YES_ERROR;
				CLANG_WARN_QUOTED_INCLUDE_IN_FRAMEWORK_HEADER = YES;
				CLANG_WARN_RANGE_LOOP_ANALYSIS = YES;
				CLANG_WARN_STRICT_PROTOTYPES = YES;
				CLANG_WARN_SUSPICIOUS_MOVE = YES;
				CLANG_WARN_UNGUARDED_AVAILABILITY = YES_AGGRESSIVE;
				CLANG_WARN_UNREACHABLE_CODE = YES;
				CLANG_WARN__DUPLICATE_METHOD_MATCH = YES;
				COPY_PHASE_STRIP = NO;
				DEBUG_INFORMATION_FORMAT = dwarf;
				ENABLE_STRICT_OBJC_MSGSEND = YES;
				ENABLE_TESTABILITY = YES;
				GCC_C_LANGUAGE_STANDARD = gnu11;
				GCC_DYNAMIC_NO_PIC = NO;
				GCC_NO_COMMON_BLOCKS = YES;
				GCC_OPTIMIZATION_LEVEL = 0;
				GCC_PREPROCESSOR_DEFINITIONS = (
					"DEBUG=1",
					"$(inherited)",
				);
				GCC_WARN_64_TO_32_BIT_CONVERSION = YES;
				GCC_WARN_ABOUT_RETURN_TYPE = YES_ERROR;
				GCC_WARN_UNDECLARED_SELECTOR = YES;
				GCC_WARN_UNINITIALIZED_AUTOS = YES_AGGRESSIVE;
				GCC_WARN_UNUSED_FUNCTION = YES;
				GCC_WARN_UNUSED_VARIABLE = YES;
				IPHONEOS_DEPLOYMENT_TARGET = 14.4;
				MTL_ENABLE_DEBUG_INFO = INCLUDE_SOURCE;
				MTL_FAST_MATH = YES;
				ONLY_ACTIVE_ARCH = YES;
				SDKROOT = iphoneos;
				SWIFT_ACTIVE_COMPILATION_CONDITIONS = DEBUG;
				SWIFT_OPTIMIZATION_LEVEL = "-Onone";
			};
			name = Debug;
		};
		6F11D3E3260D35D900E56004 /* Release */ = {
			isa = XCBuildConfiguration;
			buildSettings = {
				ALWAYS_SEARCH_USER_PATHS = NO;
				CLANG_ANALYZER_NONNULL = YES;
				CLANG_ANALYZER_NUMBER_OBJECT_CONVERSION = YES_AGGRESSIVE;
				CLANG_CXX_LANGUAGE_STANDARD = "gnu++14";
				CLANG_CXX_LIBRARY = "libc++";
				CLANG_ENABLE_MODULES = YES;
				CLANG_ENABLE_OBJC_ARC = YES;
				CLANG_ENABLE_OBJC_WEAK = YES;
				CLANG_WARN_BLOCK_CAPTURE_AUTORELEASING = YES;
				CLANG_WARN_BOOL_CONVERSION = YES;
				CLANG_WARN_COMMA = YES;
				CLANG_WARN_CONSTANT_CONVERSION = YES;
				CLANG_WARN_DEPRECATED_OBJC_IMPLEMENTATIONS = YES;
				CLANG_WARN_DIRECT_OBJC_ISA_USAGE = YES_ERROR;
				CLANG_WARN_DOCUMENTATION_COMMENTS = YES;
				CLANG_WARN_EMPTY_BODY = YES;
				CLANG_WARN_ENUM_CONVERSION = YES;
				CLANG_WARN_INFINITE_RECURSION = YES;
				CLANG_WARN_INT_CONVERSION = YES;
				CLANG_WARN_NON_LITERAL_NULL_CONVERSION = YES;
				CLANG_WARN_OBJC_IMPLICIT_RETAIN_SELF = YES;
				CLANG_WARN_OBJC_LITERAL_CONVERSION = YES;
				CLANG_WARN_OBJC_ROOT_CLASS = YES_ERROR;
				CLANG_WARN_QUOTED_INCLUDE_IN_FRAMEWORK_HEADER = YES;
				CLANG_WARN_RANGE_LOOP_ANALYSIS = YES;
				CLANG_WARN_STRICT_PROTOTYPES = YES;
				CLANG_WARN_SUSPICIOUS_MOVE = YES;
				CLANG_WARN_UNGUARDED_AVAILABILITY = YES_AGGRESSIVE;
				CLANG_WARN_UNREACHABLE_CODE = YES;
				CLANG_WARN__DUPLICATE_METHOD_MATCH = YES;
				COPY_PHASE_STRIP = NO;
				DEBUG_INFORMATION_FORMAT = "dwarf-with-dsym";
				ENABLE_NS_ASSERTIONS = NO;
				ENABLE_STRICT_OBJC_MSGSEND = YES;
				GCC_C_LANGUAGE_STANDARD = gnu11;
				GCC_NO_COMMON_BLOCKS = YES;
				GCC_WARN_64_TO_32_BIT_CONVERSION = YES;
				GCC_WARN_ABOUT_RETURN_TYPE = YES_ERROR;
				GCC_WARN_UNDECLARED_SELECTOR = YES;
				GCC_WARN_UNINITIALIZED_AUTOS = YES_AGGRESSIVE;
				GCC_WARN_UNUSED_FUNCTION = YES;
				GCC_WARN_UNUSED_VARIABLE = YES;
				IPHONEOS_DEPLOYMENT_TARGET = 14.4;
				MTL_ENABLE_DEBUG_INFO = NO;
				MTL_FAST_MATH = YES;
				SDKROOT = iphoneos;
				SWIFT_COMPILATION_MODE = wholemodule;
				SWIFT_OPTIMIZATION_LEVEL = "-O";
				VALIDATE_PRODUCT = YES;
			};
			name = Release;
		};
		6F11D3E5260D35D900E56004 /* Debug */ = {
			isa = XCBuildConfiguration;
			buildSettings = {
				ASSETCATALOG_COMPILER_APPICON_NAME = AppIcon;
				ASSETCATALOG_COMPILER_GLOBAL_ACCENT_COLOR_NAME = AccentColor;
				CODE_SIGN_IDENTITY = "Apple Development";
				CODE_SIGN_STYLE = Automatic;
				DEVELOPMENT_ASSET_PATHS = "\"Topchik/Preview Content\"";
				DEVELOPMENT_TEAM = UM497N4M4V;
				ENABLE_PREVIEWS = YES;
				INFOPLIST_FILE = Topchik/Info.plist;
				IPHONEOS_DEPLOYMENT_TARGET = 14.0;
				LD_RUNPATH_SEARCH_PATHS = (
					"$(inherited)",
					"@executable_path/Frameworks",
				);
				PRODUCT_BUNDLE_IDENTIFIER = ru.steemex.Topchik;
				PRODUCT_NAME = "$(TARGET_NAME)";
				PROVISIONING_PROFILE_SPECIFIER = "";
				SWIFT_VERSION = 5.0;
				TARGETED_DEVICE_FAMILY = 1;
			};
			name = Debug;
		};
		6F11D3E6260D35D900E56004 /* Release */ = {
			isa = XCBuildConfiguration;
			buildSettings = {
				ASSETCATALOG_COMPILER_APPICON_NAME = AppIcon;
				ASSETCATALOG_COMPILER_GLOBAL_ACCENT_COLOR_NAME = AccentColor;
				CODE_SIGN_IDENTITY = "Apple Development";
				CODE_SIGN_STYLE = Automatic;
				DEVELOPMENT_ASSET_PATHS = "\"Topchik/Preview Content\"";
				DEVELOPMENT_TEAM = UM497N4M4V;
				ENABLE_PREVIEWS = YES;
				INFOPLIST_FILE = Topchik/Info.plist;
				IPHONEOS_DEPLOYMENT_TARGET = 14.0;
				LD_RUNPATH_SEARCH_PATHS = (
					"$(inherited)",
					"@executable_path/Frameworks",
				);
				PRODUCT_BUNDLE_IDENTIFIER = ru.steemex.Topchik;
				PRODUCT_NAME = "$(TARGET_NAME)";
				PROVISIONING_PROFILE_SPECIFIER = "";
				SWIFT_VERSION = 5.0;
				TARGETED_DEVICE_FAMILY = 1;
			};
			name = Release;
		};
/* End XCBuildConfiguration section */

/* Begin XCConfigurationList section */
		6F11D3D0260D35D400E56004 /* Build configuration list for PBXProject "Topchik" */ = {
			isa = XCConfigurationList;
			buildConfigurations = (
				6F11D3E2260D35D900E56004 /* Debug */,
				6F11D3E3260D35D900E56004 /* Release */,
			);
			defaultConfigurationIsVisible = 0;
			defaultConfigurationName = Release;
		};
		6F11D3E4260D35D900E56004 /* Build configuration list for PBXNativeTarget "Topchik" */ = {
			isa = XCConfigurationList;
			buildConfigurations = (
				6F11D3E5260D35D900E56004 /* Debug */,
				6F11D3E6260D35D900E56004 /* Release */,
			);
			defaultConfigurationIsVisible = 0;
			defaultConfigurationName = Release;
		};
/* End XCConfigurationList section */
	};
	rootObject = 6F11D3CD260D35D400E56004 /* Project object */;
}
